
Microsoft Visual Studio Solution File, Format Version 12.00
# Visual Studio Version 17
VisualStudioVersion = 17.4.33205.214
MinimumVisualStudioVersion = 10.0.40219.1
Project("{8BC9CEB8-8B4A-11D0-8D11-00A0C91BC942}") = "DIY", "DIY.vcxproj", "{3B325E00-9B8B-4B8E-BA14-1961A2BFC60C}"
EndProject
Global
	GlobalSection(SolutionConfigurationPlatforms) = preSolution
		Debug|x64 = Debug|x64
		Debug|x86 = Debug|x86
		Release|x64 = Release|x64
		Release|x86 = Release|x86
	EndGlobalSection
	GlobalSection(ProjectConfigurationPlatforms) = postSolution
		{3B325E00-9B8B-4B8E-BA14-1961A2BFC60C}.Debug|x64.ActiveCfg = Debug|x64
		{3B325E00-9B8B-4B8E-BA14-1961A2BFC60C}.Debug|x64.Build.0 = Debug|x64
		{3B325E00-9B8B-4B8E-BA14-1961A2BFC60C}.Debug|x86.ActiveCfg = Debug|Win32
		{3B325E00-9B8B-4B8E-BA14-1961A2BFC60C}.Debug|x86.Build.0 = Debug|Win32
		{3B325E00-9B8B-4B8E-BA14-1961A2BFC60C}.Release|x64.ActiveCfg = Release|x64
		{3B325E00-9B8B-4B8E-BA14-1961A2BFC60C}.Release|x64.Build.0 = Release|x64
		{3B325E00-9B8B-4B8E-BA14-1961A2BFC60C}.Release|x86.ActiveCfg = Release|Win32
		{3B325E00-9B8B-4B8E-BA14-1961A2BFC60C}.Release|x86.Build.0 = Release|Win32
	EndGlobalSection
	GlobalSection(SolutionProperties) = preSolution
		HideSolutionNode = FALSE
	EndGlobalSection
	GlobalSection(ExtensibilityGlobals) = postSolution
		SolutionGuid = {726DFD8A-A3F8-4A39-84D9-4C9E6DBB6BCE}
	EndGlobalSection
EndGlobal
